// !$*UTF8*$!
{
	archiveVersion = 1;
	classes = {
	};
	objectVersion = 54;
	objects = {

/* Begin PBXBuildFile section */
		00E356F31AD99517003FC87E /* digitalClinicTests.m in Sources */ = {isa = PBXBuildFile; fileRef = 00E356F21AD99517003FC87E /* digitalClinicTests.m */; };
		0C80B921A6F3F58F76C31292 /* libPods-digitalClinic.a in Frameworks */ = {isa = PBXBuildFile; fileRef = 5DCACB8F33CDC322A6C60F78 /* libPods-digitalClinic.a */; };
		13B07FBC1A68108700A75B9A /* AppDelegate.mm in Sources */ = {isa = PBXBuildFile; fileRef = 13B07FB01A68108700A75B9A /* AppDelegate.mm */; };
		13B07FBF1A68108700A75B9A /* Images.xcassets in Resources */ = {isa = PBXBuildFile; fileRef = 13B07FB51A68108700A75B9A /* Images.xcassets */; };
		13B07FC11A68108700A75B9A /* main.m in Sources */ = {isa = PBXBuildFile; fileRef = 13B07FB71A68108700A75B9A /* main.m */; };
		7699B88040F8A987B510C191 /* libPods-digitalClinic-digitalClinicTests.a in Frameworks */ = {isa = PBXBuildFile; fileRef = 19F6CBCC0A4E27FBF8BF4A61 /* libPods-digitalClinic-digitalClinicTests.a */; };
		81AB9BB82411601600AC10FF /* LaunchScreen.storyboard in Resources */ = {isa = PBXBuildFile; fileRef = 81AB9BB72411601600AC10FF /* LaunchScreen.storyboard */; };
		85FA110F5D724F18A57036E2 /* OpenSans_Condensed-Bold.ttf in Resources */ = {isa = PBXBuildFile; fileRef = 6431ED0D5F8546E4887207A7 /* OpenSans_Condensed-Bold.ttf */; };
		285BCA88B108435D896CF738 /* OpenSans_Condensed-BoldItalic.ttf in Resources */ = {isa = PBXBuildFile; fileRef = E7D3E91FA01C49B1A8D909AF /* OpenSans_Condensed-BoldItalic.ttf */; };
		943CFFFB2EC44010B23355A8 /* OpenSans_Condensed-ExtraBold.ttf in Resources */ = {isa = PBXBuildFile; fileRef = F549CED0330B4212BF0D78C8 /* OpenSans_Condensed-ExtraBold.ttf */; };
		CD0B344207154190840AC452 /* OpenSans_Condensed-ExtraBoldItalic.ttf in Resources */ = {isa = PBXBuildFile; fileRef = 7FBC31846DE649D98917F2DC /* OpenSans_Condensed-ExtraBoldItalic.ttf */; };
		AE7EC1328A204138A401A466 /* OpenSans_Condensed-Italic.ttf in Resources */ = {isa = PBXBuildFile; fileRef = 5B7B38C392AC46A98AC09472 /* OpenSans_Condensed-Italic.ttf */; };
		526B8C46966242F2B57215A9 /* OpenSans_Condensed-Light.ttf in Resources */ = {isa = PBXBuildFile; fileRef = AE62CAE9F838490A8C4959B7 /* OpenSans_Condensed-Light.ttf */; };
		117ABC5AD4A444849315EEA7 /* OpenSans_Condensed-LightItalic.ttf in Resources */ = {isa = PBXBuildFile; fileRef = 63804093134F4DAFA5CBAE9D /* OpenSans_Condensed-LightItalic.ttf */; };
		D1903DFFB2B141FB82739ED4 /* OpenSans_Condensed-Medium.ttf in Resources */ = {isa = PBXBuildFile; fileRef = 0F0B22403DD349AA83C5FE1C /* OpenSans_Condensed-Medium.ttf */; };
		4D5C712DA9394B4AACAD9DBD /* OpenSans_Condensed-MediumItalic.ttf in Resources */ = {isa = PBXBuildFile; fileRef = 98BDBD5C98514D37A105D40A /* OpenSans_Condensed-MediumItalic.ttf */; };
		4D30E792099F4874911C0F80 /* OpenSans_Condensed-Regular.ttf in Resources */ = {isa = PBXBuildFile; fileRef = 1F9649FD1990403FB8B8E2BB /* OpenSans_Condensed-Regular.ttf */; };
		020F4B63871D4DAD907770F2 /* OpenSans_Condensed-SemiBold.ttf in Resources */ = {isa = PBXBuildFile; fileRef = F80E334A5EDF4B51B7093891 /* OpenSans_Condensed-SemiBold.ttf */; };
		9AA83CD57F274C9A8BC4D330 /* OpenSans_Condensed-SemiBoldItalic.ttf in Resources */ = {isa = PBXBuildFile; fileRef = F3C9E4FAE1A447AAA9140B47 /* OpenSans_Condensed-SemiBoldItalic.ttf */; };
		01306CA5A4E74691B92FF1A5 /* OpenSans_SemiCondensed-Bold.ttf in Resources */ = {isa = PBXBuildFile; fileRef = D5659F7ABF6045D7A37EC28C /* OpenSans_SemiCondensed-Bold.ttf */; };
		32435BE48CFA4313B68D5824 /* OpenSans_SemiCondensed-BoldItalic.ttf in Resources */ = {isa = PBXBuildFile; fileRef = EA04FCFA07CB44CD9726B317 /* OpenSans_SemiCondensed-BoldItalic.ttf */; };
		1228084FE235439C80DFF1CC /* OpenSans_SemiCondensed-ExtraBold.ttf in Resources */ = {isa = PBXBuildFile; fileRef = 7B2637F6A426496CA6DDEFC2 /* OpenSans_SemiCondensed-ExtraBold.ttf */; };
		5A5D2B12AA6247BC99B610DD /* OpenSans_SemiCondensed-ExtraBoldItalic.ttf in Resources */ = {isa = PBXBuildFile; fileRef = CCA22066EB64491A9E6660D6 /* OpenSans_SemiCondensed-ExtraBoldItalic.ttf */; };
		AEFDA486BBD348F382246D61 /* OpenSans_SemiCondensed-Italic.ttf in Resources */ = {isa = PBXBuildFile; fileRef = 1940D201FBA54E0A89086297 /* OpenSans_SemiCondensed-Italic.ttf */; };
		925FC7E796514A1FB836E4F8 /* OpenSans_SemiCondensed-Light.ttf in Resources */ = {isa = PBXBuildFile; fileRef = 60DC41CD5B484AE58E2598CB /* OpenSans_SemiCondensed-Light.ttf */; };
		4285483A941B42F78CAF7693 /* OpenSans_SemiCondensed-LightItalic.ttf in Resources */ = {isa = PBXBuildFile; fileRef = 303FCC0F41A641BF9F89F39B /* OpenSans_SemiCondensed-LightItalic.ttf */; };
		0CB8172302F545238CE39BCB /* OpenSans_SemiCondensed-Medium.ttf in Resources */ = {isa = PBXBuildFile; fileRef = 1E22C3411FBF4950BE551259 /* OpenSans_SemiCondensed-Medium.ttf */; };
		1BCBD984A6C4442580006CB6 /* OpenSans_SemiCondensed-MediumItalic.ttf in Resources */ = {isa = PBXBuildFile; fileRef = 96D2C5F7BAE44236A694D91D /* OpenSans_SemiCondensed-MediumItalic.ttf */; };
		F9C2B1DE499B4A2CAD990AD4 /* OpenSans_SemiCondensed-Regular.ttf in Resources */ = {isa = PBXBuildFile; fileRef = 57763D4C7AA94630AEBF569B /* OpenSans_SemiCondensed-Regular.ttf */; };
		E3600C792C9B4240BC16C34E /* OpenSans_SemiCondensed-SemiBold.ttf in Resources */ = {isa = PBXBuildFile; fileRef = D47DC870F2044E6AAFD40EDC /* OpenSans_SemiCondensed-SemiBold.ttf */; };
		58C188C3CE6544149EA02E66 /* OpenSans_SemiCondensed-SemiBoldItalic.ttf in Resources */ = {isa = PBXBuildFile; fileRef = 92DB6F0313DA4E4AA7D209EC /* OpenSans_SemiCondensed-SemiBoldItalic.ttf */; };
		7062978A49454DDB93D55A8F /* OpenSans-Bold.ttf in Resources */ = {isa = PBXBuildFile; fileRef = 89C2B3AF6B1F466FAD4817CA /* OpenSans-Bold.ttf */; };
		CC13E06580904B51B6F012A4 /* OpenSans-BoldItalic.ttf in Resources */ = {isa = PBXBuildFile; fileRef = 22D9657F188F4FF78EC7C328 /* OpenSans-BoldItalic.ttf */; };
		4CE926BEFEF346ADB251FFCF /* OpenSans-ExtraBold.ttf in Resources */ = {isa = PBXBuildFile; fileRef = 91BE394E5606441F8340F516 /* OpenSans-ExtraBold.ttf */; };
		2BB53B24629D41B6A651904F /* OpenSans-ExtraBoldItalic.ttf in Resources */ = {isa = PBXBuildFile; fileRef = 2C04254454E646AD8D248704 /* OpenSans-ExtraBoldItalic.ttf */; };
		8AF0F75FBEA547409E29A3DA /* OpenSans-Italic-VariableFont_wdth,wght.ttf in Resources */ = {isa = PBXBuildFile; fileRef = 41C4B61150974098B8DEAF0E /* OpenSans-Italic-VariableFont_wdth,wght.ttf */; };
		5AB2611F38474E7FA4FE4D81 /* OpenSans-Italic.ttf in Resources */ = {isa = PBXBuildFile; fileRef = 41BAE3FDCEB44F4DAD8F4435 /* OpenSans-Italic.ttf */; };
		834206EE5CE84A8D90AE627E /* OpenSans-Light.ttf in Resources */ = {isa = PBXBuildFile; fileRef = DBBE6C762DBE43B5B58C1BAC /* OpenSans-Light.ttf */; };
		9780EAB02DB742B2A407A639 /* OpenSans-LightItalic.ttf in Resources */ = {isa = PBXBuildFile; fileRef = 5983A922FA5345A9B6C2EDD7 /* OpenSans-LightItalic.ttf */; };
		C79948B1BAE343A3B342F498 /* OpenSans-Medium.ttf in Resources */ = {isa = PBXBuildFile; fileRef = AA2E102C8B9C4F3392E5A9B1 /* OpenSans-Medium.ttf */; };
		0300215610D9474C8D032AFF /* OpenSans-MediumItalic.ttf in Resources */ = {isa = PBXBuildFile; fileRef = 56007EA9F08C46DA8BF8AF44 /* OpenSans-MediumItalic.ttf */; };
		2BBAAF1C31A04B3181567A5C /* OpenSans-Regular.ttf in Resources */ = {isa = PBXBuildFile; fileRef = 7A751539059C4CFFA77F9875 /* OpenSans-Regular.ttf */; };
		B4658F8A6D964C31BE6C1C18 /* OpenSans-SemiBold.ttf in Resources */ = {isa = PBXBuildFile; fileRef = 3F30E473E144406AAE9AC1CE /* OpenSans-SemiBold.ttf */; };
		908219BD3C434C93A77FDCE2 /* OpenSans-SemiBoldItalic.ttf in Resources */ = {isa = PBXBuildFile; fileRef = 7721C8443E9847A2B264C7F4 /* OpenSans-SemiBoldItalic.ttf */; };
		55183FEE5D1042338F3CFF4E /* OpenSans-VariableFont_wdth,wght.ttf in Resources */ = {isa = PBXBuildFile; fileRef = B99B9618A91B432E99058F8E /* OpenSans-VariableFont_wdth,wght.ttf */; };
		CCBC692469E74EA58975137B /* Roboto-Black.ttf in Resources */ = {isa = PBXBuildFile; fileRef = B4B9DEFD48FE4BD38D33906F /* Roboto-Black.ttf */; };
		6385B89F62E64603A11FB227 /* Roboto-BlackItalic.ttf in Resources */ = {isa = PBXBuildFile; fileRef = 26F140042B6D4C4988BD1691 /* Roboto-BlackItalic.ttf */; };
		2AD0B38EFB6C4B98A8B10710 /* Roboto-Bold.ttf in Resources */ = {isa = PBXBuildFile; fileRef = 0FE4352701E8414782D48B84 /* Roboto-Bold.ttf */; };
		EE07B92FC35842389D70A396 /* Roboto-BoldItalic.ttf in Resources */ = {isa = PBXBuildFile; fileRef = 74A7583BFDF44B8DBF105226 /* Roboto-BoldItalic.ttf */; };
		777CB0FB1BA04A1BB851DB97 /* Roboto-Italic.ttf in Resources */ = {isa = PBXBuildFile; fileRef = 5A5CB96F7BC444CFAFCB29DF /* Roboto-Italic.ttf */; };
		A8609355CA224ED4B30524E4 /* Roboto-Light.ttf in Resources */ = {isa = PBXBuildFile; fileRef = 4DA3E6F07134422B9FBEFA63 /* Roboto-Light.ttf */; };
		E425518A0799473C92A70A05 /* Roboto-LightItalic.ttf in Resources */ = {isa = PBXBuildFile; fileRef = 8C3080C8649743EC994373C4 /* Roboto-LightItalic.ttf */; };
		63995F8FFB2941B9BC25060F /* Roboto-Medium.ttf in Resources */ = {isa = PBXBuildFile; fileRef = 8C78EC7204B543C2A6186BAE /* Roboto-Medium.ttf */; };
		45C65BDEF1B04C5AA22D35A4 /* Roboto-MediumItalic.ttf in Resources */ = {isa = PBXBuildFile; fileRef = B20A16EF50564661B6F00CDB /* Roboto-MediumItalic.ttf */; };
		2C1A405FC9804CF19CE30389 /* Roboto-Regular.ttf in Resources */ = {isa = PBXBuildFile; fileRef = F0D4F8AD8754455DBC5E360F /* Roboto-Regular.ttf */; };
		3B42ADD53F00446096C8438F /* Roboto-Thin.ttf in Resources */ = {isa = PBXBuildFile; fileRef = 067CC0FADC0845F1AFCD76FC /* Roboto-Thin.ttf */; };
		FB64498AE72643ECBF83DB5C /* Roboto-ThinItalic.ttf in Resources */ = {isa = PBXBuildFile; fileRef = 02D7B92065934E7A8CFAD60F /* Roboto-ThinItalic.ttf */; };
		49E09F7EB6774F138795C0A6 /* RobotoCondensed-Bold.ttf in Resources */ = {isa = PBXBuildFile; fileRef = 1BE6CE668D05416D9111FDBE /* RobotoCondensed-Bold.ttf */; };
		E8779276FA164CA5A8AD2398 /* RobotoCondensed-BoldItalic.ttf in Resources */ = {isa = PBXBuildFile; fileRef = 3F07EFE69A1D4908B4E047A3 /* RobotoCondensed-BoldItalic.ttf */; };
		3E8BE3B2E6BD4B7FAE235645 /* RobotoCondensed-Italic.ttf in Resources */ = {isa = PBXBuildFile; fileRef = A47A1A31917E488E80D1F38B /* RobotoCondensed-Italic.ttf */; };
		95FB24E89ABC4EF0AB90E4C0 /* RobotoCondensed-Light.ttf in Resources */ = {isa = PBXBuildFile; fileRef = CF3857959D1D4BD196A9853E /* RobotoCondensed-Light.ttf */; };
		995C9B52AE7249C2A9926329 /* RobotoCondensed-LightItalic.ttf in Resources */ = {isa = PBXBuildFile; fileRef = DD1CEFFDC0BA49EEB1E1661B /* RobotoCondensed-LightItalic.ttf */; };
		D172DE6B76F64A16BC4B8297 /* RobotoCondensed-Regular.ttf in Resources */ = {isa = PBXBuildFile; fileRef = 8272C6C103E04EB18590EA1E /* RobotoCondensed-Regular.ttf */; };
/* End PBXBuildFile section */

/* Begin PBXContainerItemProxy section */
		00E356F41AD99517003FC87E /* PBXContainerItemProxy */ = {
			isa = PBXContainerItemProxy;
			containerPortal = 83CBB9F71A601CBA00E9B192 /* Project object */;
			proxyType = 1;
			remoteGlobalIDString = 13B07F861A680F5B00A75B9A;
			remoteInfo = digitalClinic;
		};
/* End PBXContainerItemProxy section */

/* Begin PBXFileReference section */
		00E356EE1AD99517003FC87E /* digitalClinicTests.xctest */ = {isa = PBXFileReference; explicitFileType = wrapper.cfbundle; includeInIndex = 0; path = digitalClinicTests.xctest; sourceTree = BUILT_PRODUCTS_DIR; };
		00E356F11AD99517003FC87E /* Info.plist */ = {isa = PBXFileReference; lastKnownFileType = text.plist.xml; path = Info.plist; sourceTree = "<group>"; };
		00E356F21AD99517003FC87E /* digitalClinicTests.m */ = {isa = PBXFileReference; lastKnownFileType = sourcecode.c.objc; path = digitalClinicTests.m; sourceTree = "<group>"; };
		13B07F961A680F5B00A75B9A /* digitalClinic.app */ = {isa = PBXFileReference; explicitFileType = wrapper.application; includeInIndex = 0; path = digitalClinic.app; sourceTree = BUILT_PRODUCTS_DIR; };
		13B07FAF1A68108700A75B9A /* AppDelegate.h */ = {isa = PBXFileReference; fileEncoding = 4; lastKnownFileType = sourcecode.c.h; name = AppDelegate.h; path = digitalClinic/AppDelegate.h; sourceTree = "<group>"; };
		13B07FB01A68108700A75B9A /* AppDelegate.mm */ = {isa = PBXFileReference; fileEncoding = 4; lastKnownFileType = sourcecode.cpp.objcpp; name = AppDelegate.mm; path = digitalClinic/AppDelegate.mm; sourceTree = "<group>"; };
		13B07FB51A68108700A75B9A /* Images.xcassets */ = {isa = PBXFileReference; lastKnownFileType = folder.assetcatalog; name = Images.xcassets; path = digitalClinic/Images.xcassets; sourceTree = "<group>"; };
		13B07FB61A68108700A75B9A /* Info.plist */ = {isa = PBXFileReference; fileEncoding = 4; lastKnownFileType = text.plist.xml; name = Info.plist; path = digitalClinic/Info.plist; sourceTree = "<group>"; };
		13B07FB71A68108700A75B9A /* main.m */ = {isa = PBXFileReference; fileEncoding = 4; lastKnownFileType = sourcecode.c.objc; name = main.m; path = digitalClinic/main.m; sourceTree = "<group>"; };
		19F6CBCC0A4E27FBF8BF4A61 /* libPods-digitalClinic-digitalClinicTests.a */ = {isa = PBXFileReference; explicitFileType = archive.ar; includeInIndex = 0; path = "libPods-digitalClinic-digitalClinicTests.a"; sourceTree = BUILT_PRODUCTS_DIR; };
		3B4392A12AC88292D35C810B /* Pods-digitalClinic.debug.xcconfig */ = {isa = PBXFileReference; includeInIndex = 1; lastKnownFileType = text.xcconfig; name = "Pods-digitalClinic.debug.xcconfig"; path = "Target Support Files/Pods-digitalClinic/Pods-digitalClinic.debug.xcconfig"; sourceTree = "<group>"; };
		5709B34CF0A7D63546082F79 /* Pods-digitalClinic.release.xcconfig */ = {isa = PBXFileReference; includeInIndex = 1; lastKnownFileType = text.xcconfig; name = "Pods-digitalClinic.release.xcconfig"; path = "Target Support Files/Pods-digitalClinic/Pods-digitalClinic.release.xcconfig"; sourceTree = "<group>"; };
		5B7EB9410499542E8C5724F5 /* Pods-digitalClinic-digitalClinicTests.debug.xcconfig */ = {isa = PBXFileReference; includeInIndex = 1; lastKnownFileType = text.xcconfig; name = "Pods-digitalClinic-digitalClinicTests.debug.xcconfig"; path = "Target Support Files/Pods-digitalClinic-digitalClinicTests/Pods-digitalClinic-digitalClinicTests.debug.xcconfig"; sourceTree = "<group>"; };
		5DCACB8F33CDC322A6C60F78 /* libPods-digitalClinic.a */ = {isa = PBXFileReference; explicitFileType = archive.ar; includeInIndex = 0; path = "libPods-digitalClinic.a"; sourceTree = BUILT_PRODUCTS_DIR; };
		81AB9BB72411601600AC10FF /* LaunchScreen.storyboard */ = {isa = PBXFileReference; fileEncoding = 4; lastKnownFileType = file.storyboard; name = LaunchScreen.storyboard; path = digitalClinic/LaunchScreen.storyboard; sourceTree = "<group>"; };
		89C6BE57DB24E9ADA2F236DE /* Pods-digitalClinic-digitalClinicTests.release.xcconfig */ = {isa = PBXFileReference; includeInIndex = 1; lastKnownFileType = text.xcconfig; name = "Pods-digitalClinic-digitalClinicTests.release.xcconfig"; path = "Target Support Files/Pods-digitalClinic-digitalClinicTests/Pods-digitalClinic-digitalClinicTests.release.xcconfig"; sourceTree = "<group>"; };
		ED297162215061F000B7C4FE /* JavaScriptCore.framework */ = {isa = PBXFileReference; lastKnownFileType = wrapper.framework; name = JavaScriptCore.framework; path = System/Library/Frameworks/JavaScriptCore.framework; sourceTree = SDKROOT; };
		6431ED0D5F8546E4887207A7 /* OpenSans_Condensed-Bold.ttf */ = {isa = PBXFileReference; name = "OpenSans_Condensed-Bold.ttf"; path = "../assets/fonts/OpenSans_Condensed-Bold.ttf"; sourceTree = "<group>"; fileEncoding = undefined; lastKnownFileType = unknown; explicitFileType = undefined; includeInIndex = 0; };
		E7D3E91FA01C49B1A8D909AF /* OpenSans_Condensed-BoldItalic.ttf */ = {isa = PBXFileReference; name = "OpenSans_Condensed-BoldItalic.ttf"; path = "../assets/fonts/OpenSans_Condensed-BoldItalic.ttf"; sourceTree = "<group>"; fileEncoding = undefined; lastKnownFileType = unknown; explicitFileType = undefined; includeInIndex = 0; };
		F549CED0330B4212BF0D78C8 /* OpenSans_Condensed-ExtraBold.ttf */ = {isa = PBXFileReference; name = "OpenSans_Condensed-ExtraBold.ttf"; path = "../assets/fonts/OpenSans_Condensed-ExtraBold.ttf"; sourceTree = "<group>"; fileEncoding = undefined; lastKnownFileType = unknown; explicitFileType = undefined; includeInIndex = 0; };
		7FBC31846DE649D98917F2DC /* OpenSans_Condensed-ExtraBoldItalic.ttf */ = {isa = PBXFileReference; name = "OpenSans_Condensed-ExtraBoldItalic.ttf"; path = "../assets/fonts/OpenSans_Condensed-ExtraBoldItalic.ttf"; sourceTree = "<group>"; fileEncoding = undefined; lastKnownFileType = unknown; explicitFileType = undefined; includeInIndex = 0; };
		5B7B38C392AC46A98AC09472 /* OpenSans_Condensed-Italic.ttf */ = {isa = PBXFileReference; name = "OpenSans_Condensed-Italic.ttf"; path = "../assets/fonts/OpenSans_Condensed-Italic.ttf"; sourceTree = "<group>"; fileEncoding = undefined; lastKnownFileType = unknown; explicitFileType = undefined; includeInIndex = 0; };
		AE62CAE9F838490A8C4959B7 /* OpenSans_Condensed-Light.ttf */ = {isa = PBXFileReference; name = "OpenSans_Condensed-Light.ttf"; path = "../assets/fonts/OpenSans_Condensed-Light.ttf"; sourceTree = "<group>"; fileEncoding = undefined; lastKnownFileType = unknown; explicitFileType = undefined; includeInIndex = 0; };
		63804093134F4DAFA5CBAE9D /* OpenSans_Condensed-LightItalic.ttf */ = {isa = PBXFileReference; name = "OpenSans_Condensed-LightItalic.ttf"; path = "../assets/fonts/OpenSans_Condensed-LightItalic.ttf"; sourceTree = "<group>"; fileEncoding = undefined; lastKnownFileType = unknown; explicitFileType = undefined; includeInIndex = 0; };
		0F0B22403DD349AA83C5FE1C /* OpenSans_Condensed-Medium.ttf */ = {isa = PBXFileReference; name = "OpenSans_Condensed-Medium.ttf"; path = "../assets/fonts/OpenSans_Condensed-Medium.ttf"; sourceTree = "<group>"; fileEncoding = undefined; lastKnownFileType = unknown; explicitFileType = undefined; includeInIndex = 0; };
		98BDBD5C98514D37A105D40A /* OpenSans_Condensed-MediumItalic.ttf */ = {isa = PBXFileReference; name = "OpenSans_Condensed-MediumItalic.ttf"; path = "../assets/fonts/OpenSans_Condensed-MediumItalic.ttf"; sourceTree = "<group>"; fileEncoding = undefined; lastKnownFileType = unknown; explicitFileType = undefined; includeInIndex = 0; };
		1F9649FD1990403FB8B8E2BB /* OpenSans_Condensed-Regular.ttf */ = {isa = PBXFileReference; name = "OpenSans_Condensed-Regular.ttf"; path = "../assets/fonts/OpenSans_Condensed-Regular.ttf"; sourceTree = "<group>"; fileEncoding = undefined; lastKnownFileType = unknown; explicitFileType = undefined; includeInIndex = 0; };
		F80E334A5EDF4B51B7093891 /* OpenSans_Condensed-SemiBold.ttf */ = {isa = PBXFileReference; name = "OpenSans_Condensed-SemiBold.ttf"; path = "../assets/fonts/OpenSans_Condensed-SemiBold.ttf"; sourceTree = "<group>"; fileEncoding = undefined; lastKnownFileType = unknown; explicitFileType = undefined; includeInIndex = 0; };
		F3C9E4FAE1A447AAA9140B47 /* OpenSans_Condensed-SemiBoldItalic.ttf */ = {isa = PBXFileReference; name = "OpenSans_Condensed-SemiBoldItalic.ttf"; path = "../assets/fonts/OpenSans_Condensed-SemiBoldItalic.ttf"; sourceTree = "<group>"; fileEncoding = undefined; lastKnownFileType = unknown; explicitFileType = undefined; includeInIndex = 0; };
		D5659F7ABF6045D7A37EC28C /* OpenSans_SemiCondensed-Bold.ttf */ = {isa = PBXFileReference; name = "OpenSans_SemiCondensed-Bold.ttf"; path = "../assets/fonts/OpenSans_SemiCondensed-Bold.ttf"; sourceTree = "<group>"; fileEncoding = undefined; lastKnownFileType = unknown; explicitFileType = undefined; includeInIndex = 0; };
		EA04FCFA07CB44CD9726B317 /* OpenSans_SemiCondensed-BoldItalic.ttf */ = {isa = PBXFileReference; name = "OpenSans_SemiCondensed-BoldItalic.ttf"; path = "../assets/fonts/OpenSans_SemiCondensed-BoldItalic.ttf"; sourceTree = "<group>"; fileEncoding = undefined; lastKnownFileType = unknown; explicitFileType = undefined; includeInIndex = 0; };
		7B2637F6A426496CA6DDEFC2 /* OpenSans_SemiCondensed-ExtraBold.ttf */ = {isa = PBXFileReference; name = "OpenSans_SemiCondensed-ExtraBold.ttf"; path = "../assets/fonts/OpenSans_SemiCondensed-ExtraBold.ttf"; sourceTree = "<group>"; fileEncoding = undefined; lastKnownFileType = unknown; explicitFileType = undefined; includeInIndex = 0; };
		CCA22066EB64491A9E6660D6 /* OpenSans_SemiCondensed-ExtraBoldItalic.ttf */ = {isa = PBXFileReference; name = "OpenSans_SemiCondensed-ExtraBoldItalic.ttf"; path = "../assets/fonts/OpenSans_SemiCondensed-ExtraBoldItalic.ttf"; sourceTree = "<group>"; fileEncoding = undefined; lastKnownFileType = unknown; explicitFileType = undefined; includeInIndex = 0; };
		1940D201FBA54E0A89086297 /* OpenSans_SemiCondensed-Italic.ttf */ = {isa = PBXFileReference; name = "OpenSans_SemiCondensed-Italic.ttf"; path = "../assets/fonts/OpenSans_SemiCondensed-Italic.ttf"; sourceTree = "<group>"; fileEncoding = undefined; lastKnownFileType = unknown; explicitFileType = undefined; includeInIndex = 0; };
		60DC41CD5B484AE58E2598CB /* OpenSans_SemiCondensed-Light.ttf */ = {isa = PBXFileReference; name = "OpenSans_SemiCondensed-Light.ttf"; path = "../assets/fonts/OpenSans_SemiCondensed-Light.ttf"; sourceTree = "<group>"; fileEncoding = undefined; lastKnownFileType = unknown; explicitFileType = undefined; includeInIndex = 0; };
		303FCC0F41A641BF9F89F39B /* OpenSans_SemiCondensed-LightItalic.ttf */ = {isa = PBXFileReference; name = "OpenSans_SemiCondensed-LightItalic.ttf"; path = "../assets/fonts/OpenSans_SemiCondensed-LightItalic.ttf"; sourceTree = "<group>"; fileEncoding = undefined; lastKnownFileType = unknown; explicitFileType = undefined; includeInIndex = 0; };
		1E22C3411FBF4950BE551259 /* OpenSans_SemiCondensed-Medium.ttf */ = {isa = PBXFileReference; name = "OpenSans_SemiCondensed-Medium.ttf"; path = "../assets/fonts/OpenSans_SemiCondensed-Medium.ttf"; sourceTree = "<group>"; fileEncoding = undefined; lastKnownFileType = unknown; explicitFileType = undefined; includeInIndex = 0; };
		96D2C5F7BAE44236A694D91D /* OpenSans_SemiCondensed-MediumItalic.ttf */ = {isa = PBXFileReference; name = "OpenSans_SemiCondensed-MediumItalic.ttf"; path = "../assets/fonts/OpenSans_SemiCondensed-MediumItalic.ttf"; sourceTree = "<group>"; fileEncoding = undefined; lastKnownFileType = unknown; explicitFileType = undefined; includeInIndex = 0; };
		57763D4C7AA94630AEBF569B /* OpenSans_SemiCondensed-Regular.ttf */ = {isa = PBXFileReference; name = "OpenSans_SemiCondensed-Regular.ttf"; path = "../assets/fonts/OpenSans_SemiCondensed-Regular.ttf"; sourceTree = "<group>"; fileEncoding = undefined; lastKnownFileType = unknown; explicitFileType = undefined; includeInIndex = 0; };
		D47DC870F2044E6AAFD40EDC /* OpenSans_SemiCondensed-SemiBold.ttf */ = {isa = PBXFileReference; name = "OpenSans_SemiCondensed-SemiBold.ttf"; path = "../assets/fonts/OpenSans_SemiCondensed-SemiBold.ttf"; sourceTree = "<group>"; fileEncoding = undefined; lastKnownFileType = unknown; explicitFileType = undefined; includeInIndex = 0; };
		92DB6F0313DA4E4AA7D209EC /* OpenSans_SemiCondensed-SemiBoldItalic.ttf */ = {isa = PBXFileReference; name = "OpenSans_SemiCondensed-SemiBoldItalic.ttf"; path = "../assets/fonts/OpenSans_SemiCondensed-SemiBoldItalic.ttf"; sourceTree = "<group>"; fileEncoding = undefined; lastKnownFileType = unknown; explicitFileType = undefined; includeInIndex = 0; };
		89C2B3AF6B1F466FAD4817CA /* OpenSans-Bold.ttf */ = {isa = PBXFileReference; name = "OpenSans-Bold.ttf"; path = "../assets/fonts/OpenSans-Bold.ttf"; sourceTree = "<group>"; fileEncoding = undefined; lastKnownFileType = unknown; explicitFileType = undefined; includeInIndex = 0; };
		22D9657F188F4FF78EC7C328 /* OpenSans-BoldItalic.ttf */ = {isa = PBXFileReference; name = "OpenSans-BoldItalic.ttf"; path = "../assets/fonts/OpenSans-BoldItalic.ttf"; sourceTree = "<group>"; fileEncoding = undefined; lastKnownFileType = unknown; explicitFileType = undefined; includeInIndex = 0; };
		91BE394E5606441F8340F516 /* OpenSans-ExtraBold.ttf */ = {isa = PBXFileReference; name = "OpenSans-ExtraBold.ttf"; path = "../assets/fonts/OpenSans-ExtraBold.ttf"; sourceTree = "<group>"; fileEncoding = undefined; lastKnownFileType = unknown; explicitFileType = undefined; includeInIndex = 0; };
		2C04254454E646AD8D248704 /* OpenSans-ExtraBoldItalic.ttf */ = {isa = PBXFileReference; name = "OpenSans-ExtraBoldItalic.ttf"; path = "../assets/fonts/OpenSans-ExtraBoldItalic.ttf"; sourceTree = "<group>"; fileEncoding = undefined; lastKnownFileType = unknown; explicitFileType = undefined; includeInIndex = 0; };
		41C4B61150974098B8DEAF0E /* OpenSans-Italic-VariableFont_wdth,wght.ttf */ = {isa = PBXFileReference; name = "OpenSans-Italic-VariableFont_wdth,wght.ttf"; path = "../assets/fonts/OpenSans-Italic-VariableFont_wdth,wght.ttf"; sourceTree = "<group>"; fileEncoding = undefined; lastKnownFileType = unknown; explicitFileType = undefined; includeInIndex = 0; };
		41BAE3FDCEB44F4DAD8F4435 /* OpenSans-Italic.ttf */ = {isa = PBXFileReference; name = "OpenSans-Italic.ttf"; path = "../assets/fonts/OpenSans-Italic.ttf"; sourceTree = "<group>"; fileEncoding = undefined; lastKnownFileType = unknown; explicitFileType = undefined; includeInIndex = 0; };
		DBBE6C762DBE43B5B58C1BAC /* OpenSans-Light.ttf */ = {isa = PBXFileReference; name = "OpenSans-Light.ttf"; path = "../assets/fonts/OpenSans-Light.ttf"; sourceTree = "<group>"; fileEncoding = undefined; lastKnownFileType = unknown; explicitFileType = undefined; includeInIndex = 0; };
		5983A922FA5345A9B6C2EDD7 /* OpenSans-LightItalic.ttf */ = {isa = PBXFileReference; name = "OpenSans-LightItalic.ttf"; path = "../assets/fonts/OpenSans-LightItalic.ttf"; sourceTree = "<group>"; fileEncoding = undefined; lastKnownFileType = unknown; explicitFileType = undefined; includeInIndex = 0; };
		AA2E102C8B9C4F3392E5A9B1 /* OpenSans-Medium.ttf */ = {isa = PBXFileReference; name = "OpenSans-Medium.ttf"; path = "../assets/fonts/OpenSans-Medium.ttf"; sourceTree = "<group>"; fileEncoding = undefined; lastKnownFileType = unknown; explicitFileType = undefined; includeInIndex = 0; };
		56007EA9F08C46DA8BF8AF44 /* OpenSans-MediumItalic.ttf */ = {isa = PBXFileReference; name = "OpenSans-MediumItalic.ttf"; path = "../assets/fonts/OpenSans-MediumItalic.ttf"; sourceTree = "<group>"; fileEncoding = undefined; lastKnownFileType = unknown; explicitFileType = undefined; includeInIndex = 0; };
		7A751539059C4CFFA77F9875 /* OpenSans-Regular.ttf */ = {isa = PBXFileReference; name = "OpenSans-Regular.ttf"; path = "../assets/fonts/OpenSans-Regular.ttf"; sourceTree = "<group>"; fileEncoding = undefined; lastKnownFileType = unknown; explicitFileType = undefined; includeInIndex = 0; };
		3F30E473E144406AAE9AC1CE /* OpenSans-SemiBold.ttf */ = {isa = PBXFileReference; name = "OpenSans-SemiBold.ttf"; path = "../assets/fonts/OpenSans-SemiBold.ttf"; sourceTree = "<group>"; fileEncoding = undefined; lastKnownFileType = unknown; explicitFileType = undefined; includeInIndex = 0; };
		7721C8443E9847A2B264C7F4 /* OpenSans-SemiBoldItalic.ttf */ = {isa = PBXFileReference; name = "OpenSans-SemiBoldItalic.ttf"; path = "../assets/fonts/OpenSans-SemiBoldItalic.ttf"; sourceTree = "<group>"; fileEncoding = undefined; lastKnownFileType = unknown; explicitFileType = undefined; includeInIndex = 0; };
		B99B9618A91B432E99058F8E /* OpenSans-VariableFont_wdth,wght.ttf */ = {isa = PBXFileReference; name = "OpenSans-VariableFont_wdth,wght.ttf"; path = "../assets/fonts/OpenSans-VariableFont_wdth,wght.ttf"; sourceTree = "<group>"; fileEncoding = undefined; lastKnownFileType = unknown; explicitFileType = undefined; includeInIndex = 0; };
		B4B9DEFD48FE4BD38D33906F /* Roboto-Black.ttf */ = {isa = PBXFileReference; name = "Roboto-Black.ttf"; path = "../assets/fonts/Roboto-Black.ttf"; sourceTree = "<group>"; fileEncoding = undefined; lastKnownFileType = unknown; explicitFileType = undefined; includeInIndex = 0; };
		26F140042B6D4C4988BD1691 /* Roboto-BlackItalic.ttf */ = {isa = PBXFileReference; name = "Roboto-BlackItalic.ttf"; path = "../assets/fonts/Roboto-BlackItalic.ttf"; sourceTree = "<group>"; fileEncoding = undefined; lastKnownFileType = unknown; explicitFileType = undefined; includeInIndex = 0; };
		0FE4352701E8414782D48B84 /* Roboto-Bold.ttf */ = {isa = PBXFileReference; name = "Roboto-Bold.ttf"; path = "../assets/fonts/Roboto-Bold.ttf"; sourceTree = "<group>"; fileEncoding = undefined; lastKnownFileType = unknown; explicitFileType = undefined; includeInIndex = 0; };
		74A7583BFDF44B8DBF105226 /* Roboto-BoldItalic.ttf */ = {isa = PBXFileReference; name = "Roboto-BoldItalic.ttf"; path = "../assets/fonts/Roboto-BoldItalic.ttf"; sourceTree = "<group>"; fileEncoding = undefined; lastKnownFileType = unknown; explicitFileType = undefined; includeInIndex = 0; };
		5A5CB96F7BC444CFAFCB29DF /* Roboto-Italic.ttf */ = {isa = PBXFileReference; name = "Roboto-Italic.ttf"; path = "../assets/fonts/Roboto-Italic.ttf"; sourceTree = "<group>"; fileEncoding = undefined; lastKnownFileType = unknown; explicitFileType = undefined; includeInIndex = 0; };
		4DA3E6F07134422B9FBEFA63 /* Roboto-Light.ttf */ = {isa = PBXFileReference; name = "Roboto-Light.ttf"; path = "../assets/fonts/Roboto-Light.ttf"; sourceTree = "<group>"; fileEncoding = undefined; lastKnownFileType = unknown; explicitFileType = undefined; includeInIndex = 0; };
		8C3080C8649743EC994373C4 /* Roboto-LightItalic.ttf */ = {isa = PBXFileReference; name = "Roboto-LightItalic.ttf"; path = "../assets/fonts/Roboto-LightItalic.ttf"; sourceTree = "<group>"; fileEncoding = undefined; lastKnownFileType = unknown; explicitFileType = undefined; includeInIndex = 0; };
		8C78EC7204B543C2A6186BAE /* Roboto-Medium.ttf */ = {isa = PBXFileReference; name = "Roboto-Medium.ttf"; path = "../assets/fonts/Roboto-Medium.ttf"; sourceTree = "<group>"; fileEncoding = undefined; lastKnownFileType = unknown; explicitFileType = undefined; includeInIndex = 0; };
		B20A16EF50564661B6F00CDB /* Roboto-MediumItalic.ttf */ = {isa = PBXFileReference; name = "Roboto-MediumItalic.ttf"; path = "../assets/fonts/Roboto-MediumItalic.ttf"; sourceTree = "<group>"; fileEncoding = undefined; lastKnownFileType = unknown; explicitFileType = undefined; includeInIndex = 0; };
		F0D4F8AD8754455DBC5E360F /* Roboto-Regular.ttf */ = {isa = PBXFileReference; name = "Roboto-Regular.ttf"; path = "../assets/fonts/Roboto-Regular.ttf"; sourceTree = "<group>"; fileEncoding = undefined; lastKnownFileType = unknown; explicitFileType = undefined; includeInIndex = 0; };
		067CC0FADC0845F1AFCD76FC /* Roboto-Thin.ttf */ = {isa = PBXFileReference; name = "Roboto-Thin.ttf"; path = "../assets/fonts/Roboto-Thin.ttf"; sourceTree = "<group>"; fileEncoding = undefined; lastKnownFileType = unknown; explicitFileType = undefined; includeInIndex = 0; };
		02D7B92065934E7A8CFAD60F /* Roboto-ThinItalic.ttf */ = {isa = PBXFileReference; name = "Roboto-ThinItalic.ttf"; path = "../assets/fonts/Roboto-ThinItalic.ttf"; sourceTree = "<group>"; fileEncoding = undefined; lastKnownFileType = unknown; explicitFileType = undefined; includeInIndex = 0; };
		1BE6CE668D05416D9111FDBE /* RobotoCondensed-Bold.ttf */ = {isa = PBXFileReference; name = "RobotoCondensed-Bold.ttf"; path = "../assets/fonts/RobotoCondensed-Bold.ttf"; sourceTree = "<group>"; fileEncoding = undefined; lastKnownFileType = unknown; explicitFileType = undefined; includeInIndex = 0; };
		3F07EFE69A1D4908B4E047A3 /* RobotoCondensed-BoldItalic.ttf */ = {isa = PBXFileReference; name = "RobotoCondensed-BoldItalic.ttf"; path = "../assets/fonts/RobotoCondensed-BoldItalic.ttf"; sourceTree = "<group>"; fileEncoding = undefined; lastKnownFileType = unknown; explicitFileType = undefined; includeInIndex = 0; };
		A47A1A31917E488E80D1F38B /* RobotoCondensed-Italic.ttf */ = {isa = PBXFileReference; name = "RobotoCondensed-Italic.ttf"; path = "../assets/fonts/RobotoCondensed-Italic.ttf"; sourceTree = "<group>"; fileEncoding = undefined; lastKnownFileType = unknown; explicitFileType = undefined; includeInIndex = 0; };
		CF3857959D1D4BD196A9853E /* RobotoCondensed-Light.ttf */ = {isa = PBXFileReference; name = "RobotoCondensed-Light.ttf"; path = "../assets/fonts/RobotoCondensed-Light.ttf"; sourceTree = "<group>"; fileEncoding = undefined; lastKnownFileType = unknown; explicitFileType = undefined; includeInIndex = 0; };
		DD1CEFFDC0BA49EEB1E1661B /* RobotoCondensed-LightItalic.ttf */ = {isa = PBXFileReference; name = "RobotoCondensed-LightItalic.ttf"; path = "../assets/fonts/RobotoCondensed-LightItalic.ttf"; sourceTree = "<group>"; fileEncoding = undefined; lastKnownFileType = unknown; explicitFileType = undefined; includeInIndex = 0; };
		8272C6C103E04EB18590EA1E /* RobotoCondensed-Regular.ttf */ = {isa = PBXFileReference; name = "RobotoCondensed-Regular.ttf"; path = "../assets/fonts/RobotoCondensed-Regular.ttf"; sourceTree = "<group>"; fileEncoding = undefined; lastKnownFileType = unknown; explicitFileType = undefined; includeInIndex = 0; };
/* End PBXFileReference section */

/* Begin PBXFrameworksBuildPhase section */
		00E356EB1AD99517003FC87E /* Frameworks */ = {
			isa = PBXFrameworksBuildPhase;
			buildActionMask = 2147483647;
			files = (
				7699B88040F8A987B510C191 /* libPods-digitalClinic-digitalClinicTests.a in Frameworks */,
			);
			runOnlyForDeploymentPostprocessing = 0;
		};
		13B07F8C1A680F5B00A75B9A /* Frameworks */ = {
			isa = PBXFrameworksBuildPhase;
			buildActionMask = 2147483647;
			files = (
				0C80B921A6F3F58F76C31292 /* libPods-digitalClinic.a in Frameworks */,
			);
			runOnlyForDeploymentPostprocessing = 0;
		};
/* End PBXFrameworksBuildPhase section */

/* Begin PBXGroup section */
		00E356EF1AD99517003FC87E /* digitalClinicTests */ = {
			isa = PBXGroup;
			children = (
				00E356F21AD99517003FC87E /* digitalClinicTests.m */,
				00E356F01AD99517003FC87E /* Supporting Files */,
			);
			path = digitalClinicTests;
			sourceTree = "<group>";
		};
		00E356F01AD99517003FC87E /* Supporting Files */ = {
			isa = PBXGroup;
			children = (
				00E356F11AD99517003FC87E /* Info.plist */,
			);
			name = "Supporting Files";
			sourceTree = "<group>";
		};
		13B07FAE1A68108700A75B9A /* digitalClinic */ = {
			isa = PBXGroup;
			children = (
				13B07FAF1A68108700A75B9A /* AppDelegate.h */,
				13B07FB01A68108700A75B9A /* AppDelegate.mm */,
				13B07FB51A68108700A75B9A /* Images.xcassets */,
				13B07FB61A68108700A75B9A /* Info.plist */,
				81AB9BB72411601600AC10FF /* LaunchScreen.storyboard */,
				13B07FB71A68108700A75B9A /* main.m */,
			);
			name = digitalClinic;
			sourceTree = "<group>";
		};
		2D16E6871FA4F8E400B85C8A /* Frameworks */ = {
			isa = PBXGroup;
			children = (
				ED297162215061F000B7C4FE /* JavaScriptCore.framework */,
				5DCACB8F33CDC322A6C60F78 /* libPods-digitalClinic.a */,
				19F6CBCC0A4E27FBF8BF4A61 /* libPods-digitalClinic-digitalClinicTests.a */,
			);
			name = Frameworks;
			sourceTree = "<group>";
		};
		832341AE1AAA6A7D00B99B32 /* Libraries */ = {
			isa = PBXGroup;
			children = (
			);
			name = Libraries;
			sourceTree = "<group>";
		};
		83CBB9F61A601CBA00E9B192 = {
			isa = PBXGroup;
			children = (
				13B07FAE1A68108700A75B9A /* digitalClinic */,
				832341AE1AAA6A7D00B99B32 /* Libraries */,
				00E356EF1AD99517003FC87E /* digitalClinicTests */,
				83CBBA001A601CBA00E9B192 /* Products */,
				2D16E6871FA4F8E400B85C8A /* Frameworks */,
				BBD78D7AC51CEA395F1C20DB /* Pods */,
				C53483A98BA14A02BA9D6F7A /* Resources */,
			);
			indentWidth = 2;
			sourceTree = "<group>";
			tabWidth = 2;
			usesTabs = 0;
		};
		83CBBA001A601CBA00E9B192 /* Products */ = {
			isa = PBXGroup;
			children = (
				13B07F961A680F5B00A75B9A /* digitalClinic.app */,
				00E356EE1AD99517003FC87E /* digitalClinicTests.xctest */,
			);
			name = Products;
			sourceTree = "<group>";
		};
		BBD78D7AC51CEA395F1C20DB /* Pods */ = {
			isa = PBXGroup;
			children = (
				3B4392A12AC88292D35C810B /* Pods-digitalClinic.debug.xcconfig */,
				5709B34CF0A7D63546082F79 /* Pods-digitalClinic.release.xcconfig */,
				5B7EB9410499542E8C5724F5 /* Pods-digitalClinic-digitalClinicTests.debug.xcconfig */,
				89C6BE57DB24E9ADA2F236DE /* Pods-digitalClinic-digitalClinicTests.release.xcconfig */,
			);
			path = Pods;
			sourceTree = "<group>";
		};
		C53483A98BA14A02BA9D6F7A /* Resources */ = {
			isa = "PBXGroup";
			children = (
				6431ED0D5F8546E4887207A7 /* OpenSans_Condensed-Bold.ttf */,
				E7D3E91FA01C49B1A8D909AF /* OpenSans_Condensed-BoldItalic.ttf */,
				F549CED0330B4212BF0D78C8 /* OpenSans_Condensed-ExtraBold.ttf */,
				7FBC31846DE649D98917F2DC /* OpenSans_Condensed-ExtraBoldItalic.ttf */,
				5B7B38C392AC46A98AC09472 /* OpenSans_Condensed-Italic.ttf */,
				AE62CAE9F838490A8C4959B7 /* OpenSans_Condensed-Light.ttf */,
				63804093134F4DAFA5CBAE9D /* OpenSans_Condensed-LightItalic.ttf */,
				0F0B22403DD349AA83C5FE1C /* OpenSans_Condensed-Medium.ttf */,
				98BDBD5C98514D37A105D40A /* OpenSans_Condensed-MediumItalic.ttf */,
				1F9649FD1990403FB8B8E2BB /* OpenSans_Condensed-Regular.ttf */,
				F80E334A5EDF4B51B7093891 /* OpenSans_Condensed-SemiBold.ttf */,
				F3C9E4FAE1A447AAA9140B47 /* OpenSans_Condensed-SemiBoldItalic.ttf */,
				D5659F7ABF6045D7A37EC28C /* OpenSans_SemiCondensed-Bold.ttf */,
				EA04FCFA07CB44CD9726B317 /* OpenSans_SemiCondensed-BoldItalic.ttf */,
				7B2637F6A426496CA6DDEFC2 /* OpenSans_SemiCondensed-ExtraBold.ttf */,
				CCA22066EB64491A9E6660D6 /* OpenSans_SemiCondensed-ExtraBoldItalic.ttf */,
				1940D201FBA54E0A89086297 /* OpenSans_SemiCondensed-Italic.ttf */,
				60DC41CD5B484AE58E2598CB /* OpenSans_SemiCondensed-Light.ttf */,
				303FCC0F41A641BF9F89F39B /* OpenSans_SemiCondensed-LightItalic.ttf */,
				1E22C3411FBF4950BE551259 /* OpenSans_SemiCondensed-Medium.ttf */,
				96D2C5F7BAE44236A694D91D /* OpenSans_SemiCondensed-MediumItalic.ttf */,
				57763D4C7AA94630AEBF569B /* OpenSans_SemiCondensed-Regular.ttf */,
				D47DC870F2044E6AAFD40EDC /* OpenSans_SemiCondensed-SemiBold.ttf */,
				92DB6F0313DA4E4AA7D209EC /* OpenSans_SemiCondensed-SemiBoldItalic.ttf */,
				89C2B3AF6B1F466FAD4817CA /* OpenSans-Bold.ttf */,
				22D9657F188F4FF78EC7C328 /* OpenSans-BoldItalic.ttf */,
				91BE394E5606441F8340F516 /* OpenSans-ExtraBold.ttf */,
				2C04254454E646AD8D248704 /* OpenSans-ExtraBoldItalic.ttf */,
				41C4B61150974098B8DEAF0E /* OpenSans-Italic-VariableFont_wdth,wght.ttf */,
				41BAE3FDCEB44F4DAD8F4435 /* OpenSans-Italic.ttf */,
				DBBE6C762DBE43B5B58C1BAC /* OpenSans-Light.ttf */,
				5983A922FA5345A9B6C2EDD7 /* OpenSans-LightItalic.ttf */,
				AA2E102C8B9C4F3392E5A9B1 /* OpenSans-Medium.ttf */,
				56007EA9F08C46DA8BF8AF44 /* OpenSans-MediumItalic.ttf */,
				7A751539059C4CFFA77F9875 /* OpenSans-Regular.ttf */,
				3F30E473E144406AAE9AC1CE /* OpenSans-SemiBold.ttf */,
				7721C8443E9847A2B264C7F4 /* OpenSans-SemiBoldItalic.ttf */,
				B99B9618A91B432E99058F8E /* OpenSans-VariableFont_wdth,wght.ttf */,
				B4B9DEFD48FE4BD38D33906F /* Roboto-Black.ttf */,
				26F140042B6D4C4988BD1691 /* Roboto-BlackItalic.ttf */,
				0FE4352701E8414782D48B84 /* Roboto-Bold.ttf */,
				74A7583BFDF44B8DBF105226 /* Roboto-BoldItalic.ttf */,
				5A5CB96F7BC444CFAFCB29DF /* Roboto-Italic.ttf */,
				4DA3E6F07134422B9FBEFA63 /* Roboto-Light.ttf */,
				8C3080C8649743EC994373C4 /* Roboto-LightItalic.ttf */,
				8C78EC7204B543C2A6186BAE /* Roboto-Medium.ttf */,
				B20A16EF50564661B6F00CDB /* Roboto-MediumItalic.ttf */,
				F0D4F8AD8754455DBC5E360F /* Roboto-Regular.ttf */,
				067CC0FADC0845F1AFCD76FC /* Roboto-Thin.ttf */,
				02D7B92065934E7A8CFAD60F /* Roboto-ThinItalic.ttf */,
				1BE6CE668D05416D9111FDBE /* RobotoCondensed-Bold.ttf */,
				3F07EFE69A1D4908B4E047A3 /* RobotoCondensed-BoldItalic.ttf */,
				A47A1A31917E488E80D1F38B /* RobotoCondensed-Italic.ttf */,
				CF3857959D1D4BD196A9853E /* RobotoCondensed-Light.ttf */,
				DD1CEFFDC0BA49EEB1E1661B /* RobotoCondensed-LightItalic.ttf */,
				8272C6C103E04EB18590EA1E /* RobotoCondensed-Regular.ttf */,
			);
			name = Resources;
			sourceTree = "<group>";
			path = "";
		};
/* End PBXGroup section */

/* Begin PBXNativeTarget section */
		00E356ED1AD99517003FC87E /* digitalClinicTests */ = {
			isa = PBXNativeTarget;
			buildConfigurationList = 00E357021AD99517003FC87E /* Build configuration list for PBXNativeTarget "digitalClinicTests" */;
			buildPhases = (
				A55EABD7B0C7F3A422A6CC61 /* [CP] Check Pods Manifest.lock */,
				00E356EA1AD99517003FC87E /* Sources */,
				00E356EB1AD99517003FC87E /* Frameworks */,
				00E356EC1AD99517003FC87E /* Resources */,
				C59DA0FBD6956966B86A3779 /* [CP] Embed Pods Frameworks */,
				F6A41C54EA430FDDC6A6ED99 /* [CP] Copy Pods Resources */,
			);
			buildRules = (
			);
			dependencies = (
				00E356F51AD99517003FC87E /* PBXTargetDependency */,
			);
			name = digitalClinicTests;
			productName = digitalClinicTests;
			productReference = 00E356EE1AD99517003FC87E /* digitalClinicTests.xctest */;
			productType = "com.apple.product-type.bundle.unit-test";
		};
		13B07F861A680F5B00A75B9A /* digitalClinic */ = {
			isa = PBXNativeTarget;
			buildConfigurationList = 13B07F931A680F5B00A75B9A /* Build configuration list for PBXNativeTarget "digitalClinic" */;
			buildPhases = (
				C38B50BA6285516D6DCD4F65 /* [CP] Check Pods Manifest.lock */,
				FD10A7F022414F080027D42C /* Start Packager */,
				13B07F871A680F5B00A75B9A /* Sources */,
				13B07F8C1A680F5B00A75B9A /* Frameworks */,
				13B07F8E1A680F5B00A75B9A /* Resources */,
				00DD1BFF1BD5951E006B06BC /* Bundle React Native code and images */,
				00EEFC60759A1932668264C0 /* [CP] Embed Pods Frameworks */,
				E235C05ADACE081382539298 /* [CP] Copy Pods Resources */,
			);
			buildRules = (
			);
			dependencies = (
			);
			name = digitalClinic;
			productName = digitalClinic;
			productReference = 13B07F961A680F5B00A75B9A /* digitalClinic.app */;
			productType = "com.apple.product-type.application";
		};
/* End PBXNativeTarget section */

/* Begin PBXProject section */
		83CBB9F71A601CBA00E9B192 /* Project object */ = {
			isa = PBXProject;
			attributes = {
				LastUpgradeCheck = 1210;
				TargetAttributes = {
					00E356ED1AD99517003FC87E = {
						CreatedOnToolsVersion = 6.2;
						TestTargetID = 13B07F861A680F5B00A75B9A;
					};
					13B07F861A680F5B00A75B9A = {
						LastSwiftMigration = 1120;
					};
				};
			};
			buildConfigurationList = 83CBB9FA1A601CBA00E9B192 /* Build configuration list for PBXProject "digitalClinic" */;
			compatibilityVersion = "Xcode 12.0";
			developmentRegion = en;
			hasScannedForEncodings = 0;
			knownRegions = (
				en,
				Base,
			);
			mainGroup = 83CBB9F61A601CBA00E9B192;
			productRefGroup = 83CBBA001A601CBA00E9B192 /* Products */;
			projectDirPath = "";
			projectRoot = "";
			targets = (
				13B07F861A680F5B00A75B9A /* digitalClinic */,
				00E356ED1AD99517003FC87E /* digitalClinicTests */,
			);
		};
/* End PBXProject section */

/* Begin PBXResourcesBuildPhase section */
		00E356EC1AD99517003FC87E /* Resources */ = {
			isa = PBXResourcesBuildPhase;
			buildActionMask = 2147483647;
			files = (
			);
			runOnlyForDeploymentPostprocessing = 0;
		};
		13B07F8E1A680F5B00A75B9A /* Resources */ = {
			isa = PBXResourcesBuildPhase;
			buildActionMask = 2147483647;
			files = (
				81AB9BB82411601600AC10FF /* LaunchScreen.storyboard in Resources */,
				13B07FBF1A68108700A75B9A /* Images.xcassets in Resources */,
				85FA110F5D724F18A57036E2 /* OpenSans_Condensed-Bold.ttf in Resources */,
				285BCA88B108435D896CF738 /* OpenSans_Condensed-BoldItalic.ttf in Resources */,
				943CFFFB2EC44010B23355A8 /* OpenSans_Condensed-ExtraBold.ttf in Resources */,
				CD0B344207154190840AC452 /* OpenSans_Condensed-ExtraBoldItalic.ttf in Resources */,
				AE7EC1328A204138A401A466 /* OpenSans_Condensed-Italic.ttf in Resources */,
				526B8C46966242F2B57215A9 /* OpenSans_Condensed-Light.ttf in Resources */,
				117ABC5AD4A444849315EEA7 /* OpenSans_Condensed-LightItalic.ttf in Resources */,
				D1903DFFB2B141FB82739ED4 /* OpenSans_Condensed-Medium.ttf in Resources */,
				4D5C712DA9394B4AACAD9DBD /* OpenSans_Condensed-MediumItalic.ttf in Resources */,
				4D30E792099F4874911C0F80 /* OpenSans_Condensed-Regular.ttf in Resources */,
				020F4B63871D4DAD907770F2 /* OpenSans_Condensed-SemiBold.ttf in Resources */,
				9AA83CD57F274C9A8BC4D330 /* OpenSans_Condensed-SemiBoldItalic.ttf in Resources */,
				01306CA5A4E74691B92FF1A5 /* OpenSans_SemiCondensed-Bold.ttf in Resources */,
				32435BE48CFA4313B68D5824 /* OpenSans_SemiCondensed-BoldItalic.ttf in Resources */,
				1228084FE235439C80DFF1CC /* OpenSans_SemiCondensed-ExtraBold.ttf in Resources */,
				5A5D2B12AA6247BC99B610DD /* OpenSans_SemiCondensed-ExtraBoldItalic.ttf in Resources */,
				AEFDA486BBD348F382246D61 /* OpenSans_SemiCondensed-Italic.ttf in Resources */,
				925FC7E796514A1FB836E4F8 /* OpenSans_SemiCondensed-Light.ttf in Resources */,
				4285483A941B42F78CAF7693 /* OpenSans_SemiCondensed-LightItalic.ttf in Resources */,
				0CB8172302F545238CE39BCB /* OpenSans_SemiCondensed-Medium.ttf in Resources */,
				1BCBD984A6C4442580006CB6 /* OpenSans_SemiCondensed-MediumItalic.ttf in Resources */,
				F9C2B1DE499B4A2CAD990AD4 /* OpenSans_SemiCondensed-Regular.ttf in Resources */,
				E3600C792C9B4240BC16C34E /* OpenSans_SemiCondensed-SemiBold.ttf in Resources */,
				58C188C3CE6544149EA02E66 /* OpenSans_SemiCondensed-SemiBoldItalic.ttf in Resources */,
				7062978A49454DDB93D55A8F /* OpenSans-Bold.ttf in Resources */,
				CC13E06580904B51B6F012A4 /* OpenSans-BoldItalic.ttf in Resources */,
				4CE926BEFEF346ADB251FFCF /* OpenSans-ExtraBold.ttf in Resources */,
				2BB53B24629D41B6A651904F /* OpenSans-ExtraBoldItalic.ttf in Resources */,
				8AF0F75FBEA547409E29A3DA /* OpenSans-Italic-VariableFont_wdth,wght.ttf in Resources */,
				5AB2611F38474E7FA4FE4D81 /* OpenSans-Italic.ttf in Resources */,
				834206EE5CE84A8D90AE627E /* OpenSans-Light.ttf in Resources */,
				9780EAB02DB742B2A407A639 /* OpenSans-LightItalic.ttf in Resources */,
				C79948B1BAE343A3B342F498 /* OpenSans-Medium.ttf in Resources */,
				0300215610D9474C8D032AFF /* OpenSans-MediumItalic.ttf in Resources */,
				2BBAAF1C31A04B3181567A5C /* OpenSans-Regular.ttf in Resources */,
				B4658F8A6D964C31BE6C1C18 /* OpenSans-SemiBold.ttf in Resources */,
				908219BD3C434C93A77FDCE2 /* OpenSans-SemiBoldItalic.ttf in Resources */,
				55183FEE5D1042338F3CFF4E /* OpenSans-VariableFont_wdth,wght.ttf in Resources */,
				CCBC692469E74EA58975137B /* Roboto-Black.ttf in Resources */,
				6385B89F62E64603A11FB227 /* Roboto-BlackItalic.ttf in Resources */,
				2AD0B38EFB6C4B98A8B10710 /* Roboto-Bold.ttf in Resources */,
				EE07B92FC35842389D70A396 /* Roboto-BoldItalic.ttf in Resources */,
				777CB0FB1BA04A1BB851DB97 /* Roboto-Italic.ttf in Resources */,
				A8609355CA224ED4B30524E4 /* Roboto-Light.ttf in Resources */,
				E425518A0799473C92A70A05 /* Roboto-LightItalic.ttf in Resources */,
				63995F8FFB2941B9BC25060F /* Roboto-Medium.ttf in Resources */,
				45C65BDEF1B04C5AA22D35A4 /* Roboto-MediumItalic.ttf in Resources */,
				2C1A405FC9804CF19CE30389 /* Roboto-Regular.ttf in Resources */,
				3B42ADD53F00446096C8438F /* Roboto-Thin.ttf in Resources */,
				FB64498AE72643ECBF83DB5C /* Roboto-ThinItalic.ttf in Resources */,
				49E09F7EB6774F138795C0A6 /* RobotoCondensed-Bold.ttf in Resources */,
				E8779276FA164CA5A8AD2398 /* RobotoCondensed-BoldItalic.ttf in Resources */,
				3E8BE3B2E6BD4B7FAE235645 /* RobotoCondensed-Italic.ttf in Resources */,
				95FB24E89ABC4EF0AB90E4C0 /* RobotoCondensed-Light.ttf in Resources */,
				995C9B52AE7249C2A9926329 /* RobotoCondensed-LightItalic.ttf in Resources */,
				D172DE6B76F64A16BC4B8297 /* RobotoCondensed-Regular.ttf in Resources */,
			);
			runOnlyForDeploymentPostprocessing = 0;
		};
/* End PBXResourcesBuildPhase section */

/* Begin PBXShellScriptBuildPhase section */
		00DD1BFF1BD5951E006B06BC /* Bundle React Native code and images */ = {
			isa = PBXShellScriptBuildPhase;
			buildActionMask = 2147483647;
			files = (
			);
			inputPaths = (
			);
			name = "Bundle React Native code and images";
			outputPaths = (
			);
			runOnlyForDeploymentPostprocessing = 0;
			shellPath = /bin/sh;
			shellScript = "set -e\n\nexport NODE_BINARY=node\n../node_modules/react-native/scripts/react-native-xcode.sh\n";
		};
		00EEFC60759A1932668264C0 /* [CP] Embed Pods Frameworks */ = {
			isa = PBXShellScriptBuildPhase;
			buildActionMask = 2147483647;
			files = (
			);
			inputFileListPaths = (
				"${PODS_ROOT}/Target Support Files/Pods-digitalClinic/Pods-digitalClinic-frameworks-${CONFIGURATION}-input-files.xcfilelist",
			);
			name = "[CP] Embed Pods Frameworks";
			outputFileListPaths = (
				"${PODS_ROOT}/Target Support Files/Pods-digitalClinic/Pods-digitalClinic-frameworks-${CONFIGURATION}-output-files.xcfilelist",
			);
			runOnlyForDeploymentPostprocessing = 0;
			shellPath = /bin/sh;
			shellScript = "\"${PODS_ROOT}/Target Support Files/Pods-digitalClinic/Pods-digitalClinic-frameworks.sh\"\n";
			showEnvVarsInLog = 0;
		};
		A55EABD7B0C7F3A422A6CC61 /* [CP] Check Pods Manifest.lock */ = {
			isa = PBXShellScriptBuildPhase;
			buildActionMask = 2147483647;
			files = (
			);
			inputFileListPaths = (
			);
			inputPaths = (
				"${PODS_PODFILE_DIR_PATH}/Podfile.lock",
				"${PODS_ROOT}/Manifest.lock",
			);
			name = "[CP] Check Pods Manifest.lock";
			outputFileListPaths = (
			);
			outputPaths = (
				"$(DERIVED_FILE_DIR)/Pods-digitalClinic-digitalClinicTests-checkManifestLockResult.txt",
			);
			runOnlyForDeploymentPostprocessing = 0;
			shellPath = /bin/sh;
			shellScript = "diff \"${PODS_PODFILE_DIR_PATH}/Podfile.lock\" \"${PODS_ROOT}/Manifest.lock\" > /dev/null\nif [ $? != 0 ] ; then\n    # print error to STDERR\n    echo \"error: The sandbox is not in sync with the Podfile.lock. Run 'pod install' or update your CocoaPods installation.\" >&2\n    exit 1\nfi\n# This output is used by Xcode 'outputs' to avoid re-running this script phase.\necho \"SUCCESS\" > \"${SCRIPT_OUTPUT_FILE_0}\"\n";
			showEnvVarsInLog = 0;
		};
		C38B50BA6285516D6DCD4F65 /* [CP] Check Pods Manifest.lock */ = {
			isa = PBXShellScriptBuildPhase;
			buildActionMask = 2147483647;
			files = (
			);
			inputFileListPaths = (
			);
			inputPaths = (
				"${PODS_PODFILE_DIR_PATH}/Podfile.lock",
				"${PODS_ROOT}/Manifest.lock",
			);
			name = "[CP] Check Pods Manifest.lock";
			outputFileListPaths = (
			);
			outputPaths = (
				"$(DERIVED_FILE_DIR)/Pods-digitalClinic-checkManifestLockResult.txt",
			);
			runOnlyForDeploymentPostprocessing = 0;
			shellPath = /bin/sh;
			shellScript = "diff \"${PODS_PODFILE_DIR_PATH}/Podfile.lock\" \"${PODS_ROOT}/Manifest.lock\" > /dev/null\nif [ $? != 0 ] ; then\n    # print error to STDERR\n    echo \"error: The sandbox is not in sync with the Podfile.lock. Run 'pod install' or update your CocoaPods installation.\" >&2\n    exit 1\nfi\n# This output is used by Xcode 'outputs' to avoid re-running this script phase.\necho \"SUCCESS\" > \"${SCRIPT_OUTPUT_FILE_0}\"\n";
			showEnvVarsInLog = 0;
		};
		C59DA0FBD6956966B86A3779 /* [CP] Embed Pods Frameworks */ = {
			isa = PBXShellScriptBuildPhase;
			buildActionMask = 2147483647;
			files = (
			);
			inputFileListPaths = (
				"${PODS_ROOT}/Target Support Files/Pods-digitalClinic-digitalClinicTests/Pods-digitalClinic-digitalClinicTests-frameworks-${CONFIGURATION}-input-files.xcfilelist",
			);
			name = "[CP] Embed Pods Frameworks";
			outputFileListPaths = (
				"${PODS_ROOT}/Target Support Files/Pods-digitalClinic-digitalClinicTests/Pods-digitalClinic-digitalClinicTests-frameworks-${CONFIGURATION}-output-files.xcfilelist",
			);
			runOnlyForDeploymentPostprocessing = 0;
			shellPath = /bin/sh;
			shellScript = "\"${PODS_ROOT}/Target Support Files/Pods-digitalClinic-digitalClinicTests/Pods-digitalClinic-digitalClinicTests-frameworks.sh\"\n";
			showEnvVarsInLog = 0;
		};
		E235C05ADACE081382539298 /* [CP] Copy Pods Resources */ = {
			isa = PBXShellScriptBuildPhase;
			buildActionMask = 2147483647;
			files = (
			);
			inputFileListPaths = (
				"${PODS_ROOT}/Target Support Files/Pods-digitalClinic/Pods-digitalClinic-resources-${CONFIGURATION}-input-files.xcfilelist",
			);
			name = "[CP] Copy Pods Resources";
			outputFileListPaths = (
				"${PODS_ROOT}/Target Support Files/Pods-digitalClinic/Pods-digitalClinic-resources-${CONFIGURATION}-output-files.xcfilelist",
			);
			runOnlyForDeploymentPostprocessing = 0;
			shellPath = /bin/sh;
			shellScript = "\"${PODS_ROOT}/Target Support Files/Pods-digitalClinic/Pods-digitalClinic-resources.sh\"\n";
			showEnvVarsInLog = 0;
		};
		F6A41C54EA430FDDC6A6ED99 /* [CP] Copy Pods Resources */ = {
			isa = PBXShellScriptBuildPhase;
			buildActionMask = 2147483647;
			files = (
			);
			inputFileListPaths = (
				"${PODS_ROOT}/Target Support Files/Pods-digitalClinic-digitalClinicTests/Pods-digitalClinic-digitalClinicTests-resources-${CONFIGURATION}-input-files.xcfilelist",
			);
			name = "[CP] Copy Pods Resources";
			outputFileListPaths = (
				"${PODS_ROOT}/Target Support Files/Pods-digitalClinic-digitalClinicTests/Pods-digitalClinic-digitalClinicTests-resources-${CONFIGURATION}-output-files.xcfilelist",
			);
			runOnlyForDeploymentPostprocessing = 0;
			shellPath = /bin/sh;
			shellScript = "\"${PODS_ROOT}/Target Support Files/Pods-digitalClinic-digitalClinicTests/Pods-digitalClinic-digitalClinicTests-resources.sh\"\n";
			showEnvVarsInLog = 0;
		};
		FD10A7F022414F080027D42C /* Start Packager */ = {
			isa = PBXShellScriptBuildPhase;
			buildActionMask = 2147483647;
			files = (
			);
			inputFileListPaths = (
			);
			inputPaths = (
			);
			name = "Start Packager";
			outputFileListPaths = (
			);
			outputPaths = (
			);
			runOnlyForDeploymentPostprocessing = 0;
			shellPath = /bin/sh;
			shellScript = "export RCT_METRO_PORT=\"${RCT_METRO_PORT:=8081}\"\necho \"export RCT_METRO_PORT=${RCT_METRO_PORT}\" > \"${SRCROOT}/../node_modules/react-native/scripts/.packager.env\"\nif [ -z \"${RCT_NO_LAUNCH_PACKAGER+xxx}\" ] ; then\n  if nc -w 5 -z localhost ${RCT_METRO_PORT} ; then\n    if ! curl -s \"http://localhost:${RCT_METRO_PORT}/status\" | grep -q \"packager-status:running\" ; then\n      echo \"Port ${RCT_METRO_PORT} already in use, packager is either not running or not running correctly\"\n      exit 2\n    fi\n  else\n    open \"$SRCROOT/../node_modules/react-native/scripts/launchPackager.command\" || echo \"Can't start packager automatically\"\n  fi\nfi\n";
			showEnvVarsInLog = 0;
		};
/* End PBXShellScriptBuildPhase section */

/* Begin PBXSourcesBuildPhase section */
		00E356EA1AD99517003FC87E /* Sources */ = {
			isa = PBXSourcesBuildPhase;
			buildActionMask = 2147483647;
			files = (
				00E356F31AD99517003FC87E /* digitalClinicTests.m in Sources */,
			);
			runOnlyForDeploymentPostprocessing = 0;
		};
		13B07F871A680F5B00A75B9A /* Sources */ = {
			isa = PBXSourcesBuildPhase;
			buildActionMask = 2147483647;
			files = (
				13B07FBC1A68108700A75B9A /* AppDelegate.mm in Sources */,
				13B07FC11A68108700A75B9A /* main.m in Sources */,
			);
			runOnlyForDeploymentPostprocessing = 0;
		};
/* End PBXSourcesBuildPhase section */

/* Begin PBXTargetDependency section */
		00E356F51AD99517003FC87E /* PBXTargetDependency */ = {
			isa = PBXTargetDependency;
			target = 13B07F861A680F5B00A75B9A /* digitalClinic */;
			targetProxy = 00E356F41AD99517003FC87E /* PBXContainerItemProxy */;
		};
/* End PBXTargetDependency section */

/* Begin XCBuildConfiguration section */
		00E356F61AD99517003FC87E /* Debug */ = {
			isa = XCBuildConfiguration;
			baseConfigurationReference = 5B7EB9410499542E8C5724F5 /* Pods-digitalClinic-digitalClinicTests.debug.xcconfig */;
			buildSettings = {
				BUNDLE_LOADER = "$(TEST_HOST)";
				GCC_PREPROCESSOR_DEFINITIONS = (
					"DEBUG=1",
					"$(inherited)",
				);
				INFOPLIST_FILE = digitalClinicTests/Info.plist;
				IPHONEOS_DEPLOYMENT_TARGET = 11.0;
				LD_RUNPATH_SEARCH_PATHS = (
					"$(inherited)",
					"@executable_path/Frameworks",
					"@loader_path/Frameworks",
				);
				OTHER_LDFLAGS = (
					"-ObjC",
					"-lc++",
					"$(inherited)",
				);
				PRODUCT_BUNDLE_IDENTIFIER = "org.reactjs.native.example.$(PRODUCT_NAME:rfc1034identifier)";
				PRODUCT_NAME = "$(TARGET_NAME)";
				TEST_HOST = "$(BUILT_PRODUCTS_DIR)/digitalClinic.app/digitalClinic";
			};
			name = Debug;
		};
		00E356F71AD99517003FC87E /* Release */ = {
			isa = XCBuildConfiguration;
			baseConfigurationReference = 89C6BE57DB24E9ADA2F236DE /* Pods-digitalClinic-digitalClinicTests.release.xcconfig */;
			buildSettings = {
				BUNDLE_LOADER = "$(TEST_HOST)";
				COPY_PHASE_STRIP = NO;
				INFOPLIST_FILE = digitalClinicTests/Info.plist;
				IPHONEOS_DEPLOYMENT_TARGET = 11.0;
				LD_RUNPATH_SEARCH_PATHS = (
					"$(inherited)",
					"@executable_path/Frameworks",
					"@loader_path/Frameworks",
				);
				OTHER_LDFLAGS = (
					"-ObjC",
					"-lc++",
					"$(inherited)",
				);
				PRODUCT_BUNDLE_IDENTIFIER = "org.reactjs.native.example.$(PRODUCT_NAME:rfc1034identifier)";
				PRODUCT_NAME = "$(TARGET_NAME)";
				TEST_HOST = "$(BUILT_PRODUCTS_DIR)/digitalClinic.app/digitalClinic";
			};
			name = Release;
		};
		13B07F941A680F5B00A75B9A /* Debug */ = {
			isa = XCBuildConfiguration;
			baseConfigurationReference = 3B4392A12AC88292D35C810B /* Pods-digitalClinic.debug.xcconfig */;
			buildSettings = {
				ASSETCATALOG_COMPILER_APPICON_NAME = AppIcon;
				CLANG_ENABLE_MODULES = YES;
				CURRENT_PROJECT_VERSION = 1;
				ENABLE_BITCODE = NO;
				INFOPLIST_FILE = digitalClinic/Info.plist;
				LD_RUNPATH_SEARCH_PATHS = (
					"$(inherited)",
					"@executable_path/Frameworks",
				);
				OTHER_LDFLAGS = (
					"$(inherited)",
					"-ObjC",
					"-lc++",
				);
				PRODUCT_BUNDLE_IDENTIFIER = "org.reactjs.native.example.$(PRODUCT_NAME:rfc1034identifier)";
				PRODUCT_NAME = digitalClinic;
				SWIFT_OPTIMIZATION_LEVEL = "-Onone";
				SWIFT_VERSION = 5.0;
				VERSIONING_SYSTEM = "apple-generic";
			};
			name = Debug;
		};
		13B07F951A680F5B00A75B9A /* Release */ = {
			isa = XCBuildConfiguration;
			baseConfigurationReference = 5709B34CF0A7D63546082F79 /* Pods-digitalClinic.release.xcconfig */;
			buildSettings = {
				ASSETCATALOG_COMPILER_APPICON_NAME = AppIcon;
				CLANG_ENABLE_MODULES = YES;
				CURRENT_PROJECT_VERSION = 1;
				INFOPLIST_FILE = digitalClinic/Info.plist;
				LD_RUNPATH_SEARCH_PATHS = (
					"$(inherited)",
					"@executable_path/Frameworks",
				);
				OTHER_LDFLAGS = (
					"$(inherited)",
					"-ObjC",
					"-lc++",
				);
				PRODUCT_BUNDLE_IDENTIFIER = "org.reactjs.native.example.$(PRODUCT_NAME:rfc1034identifier)";
				PRODUCT_NAME = digitalClinic;
				SWIFT_VERSION = 5.0;
				VERSIONING_SYSTEM = "apple-generic";
			};
			name = Release;
		};
		83CBBA201A601CBA00E9B192 /* Debug */ = {
			isa = XCBuildConfiguration;
			buildSettings = {
				ALWAYS_SEARCH_USER_PATHS = NO;
				CLANG_ANALYZER_LOCALIZABILITY_NONLOCALIZED = YES;
				CLANG_CXX_LANGUAGE_STANDARD = "c++17";
				CLANG_CXX_LIBRARY = "libc++";
				CLANG_ENABLE_MODULES = YES;
				CLANG_ENABLE_OBJC_ARC = YES;
				CLANG_WARN_BLOCK_CAPTURE_AUTORELEASING = YES;
				CLANG_WARN_BOOL_CONVERSION = YES;
				CLANG_WARN_COMMA = YES;
				CLANG_WARN_CONSTANT_CONVERSION = YES;
				CLANG_WARN_DEPRECATED_OBJC_IMPLEMENTATIONS = YES;
				CLANG_WARN_DIRECT_OBJC_ISA_USAGE = YES_ERROR;
				CLANG_WARN_EMPTY_BODY = YES;
				CLANG_WARN_ENUM_CONVERSION = YES;
				CLANG_WARN_INFINITE_RECURSION = YES;
				CLANG_WARN_INT_CONVERSION = YES;
				CLANG_WARN_NON_LITERAL_NULL_CONVERSION = YES;
				CLANG_WARN_OBJC_IMPLICIT_RETAIN_SELF = YES;
				CLANG_WARN_OBJC_LITERAL_CONVERSION = YES;
				CLANG_WARN_OBJC_ROOT_CLASS = YES_ERROR;
				CLANG_WARN_QUOTED_INCLUDE_IN_FRAMEWORK_HEADER = YES;
				CLANG_WARN_RANGE_LOOP_ANALYSIS = YES;
				CLANG_WARN_STRICT_PROTOTYPES = YES;
				CLANG_WARN_SUSPICIOUS_MOVE = YES;
				CLANG_WARN_UNREACHABLE_CODE = YES;
				CLANG_WARN__DUPLICATE_METHOD_MATCH = YES;
				"CODE_SIGN_IDENTITY[sdk=iphoneos*]" = "iPhone Developer";
				COPY_PHASE_STRIP = NO;
				ENABLE_STRICT_OBJC_MSGSEND = YES;
				ENABLE_TESTABILITY = YES;
				"EXCLUDED_ARCHS[sdk=iphonesimulator*]" = "";
				GCC_C_LANGUAGE_STANDARD = gnu99;
				GCC_DYNAMIC_NO_PIC = NO;
				GCC_NO_COMMON_BLOCKS = YES;
				GCC_OPTIMIZATION_LEVEL = 0;
				GCC_PREPROCESSOR_DEFINITIONS = (
					"DEBUG=1",
					"$(inherited)",
				);
				GCC_SYMBOLS_PRIVATE_EXTERN = NO;
				GCC_WARN_64_TO_32_BIT_CONVERSION = YES;
				GCC_WARN_ABOUT_RETURN_TYPE = YES_ERROR;
				GCC_WARN_UNDECLARED_SELECTOR = YES;
				GCC_WARN_UNINITIALIZED_AUTOS = YES_AGGRESSIVE;
				GCC_WARN_UNUSED_FUNCTION = YES;
				GCC_WARN_UNUSED_VARIABLE = YES;
				IPHONEOS_DEPLOYMENT_TARGET = 11.0;
				LD_RUNPATH_SEARCH_PATHS = (
					/usr/lib/swift,
					"$(inherited)",
				);
				LIBRARY_SEARCH_PATHS = (
					"\"$(SDKROOT)/usr/lib/swift\"",
					"\"$(TOOLCHAIN_DIR)/usr/lib/swift/$(PLATFORM_NAME)\"",
					"\"$(inherited)\"",
				);
				MTL_ENABLE_DEBUG_INFO = YES;
				ONLY_ACTIVE_ARCH = YES;
				OTHER_CPLUSPLUSFLAGS = (
					"$(OTHER_CFLAGS)",
					"-DFOLLY_NO_CONFIG",
					"-DFOLLY_MOBILE=1",
					"-DFOLLY_USE_LIBCPP=1",
				);
				SDKROOT = iphoneos;
			};
			name = Debug;
		};
		83CBBA211A601CBA00E9B192 /* Release */ = {
			isa = XCBuildConfiguration;
			buildSettings = {
				ALWAYS_SEARCH_USER_PATHS = NO;
				CLANG_ANALYZER_LOCALIZABILITY_NONLOCALIZED = YES;
				CLANG_CXX_LANGUAGE_STANDARD = "c++17";
				CLANG_CXX_LIBRARY = "libc++";
				CLANG_ENABLE_MODULES = YES;
				CLANG_ENABLE_OBJC_ARC = YES;
				CLANG_WARN_BLOCK_CAPTURE_AUTORELEASING = YES;
				CLANG_WARN_BOOL_CONVERSION = YES;
				CLANG_WARN_COMMA = YES;
				CLANG_WARN_CONSTANT_CONVERSION = YES;
				CLANG_WARN_DEPRECATED_OBJC_IMPLEMENTATIONS = YES;
				CLANG_WARN_DIRECT_OBJC_ISA_USAGE = YES_ERROR;
				CLANG_WARN_EMPTY_BODY = YES;
				CLANG_WARN_ENUM_CONVERSION = YES;
				CLANG_WARN_INFINITE_RECURSION = YES;
				CLANG_WARN_INT_CONVERSION = YES;
				CLANG_WARN_NON_LITERAL_NULL_CONVERSION = YES;
				CLANG_WARN_OBJC_IMPLICIT_RETAIN_SELF = YES;
				CLANG_WARN_OBJC_LITERAL_CONVERSION = YES;
				CLANG_WARN_OBJC_ROOT_CLASS = YES_ERROR;
				CLANG_WARN_QUOTED_INCLUDE_IN_FRAMEWORK_HEADER = YES;
				CLANG_WARN_RANGE_LOOP_ANALYSIS = YES;
				CLANG_WARN_STRICT_PROTOTYPES = YES;
				CLANG_WARN_SUSPICIOUS_MOVE = YES;
				CLANG_WARN_UNREACHABLE_CODE = YES;
				CLANG_WARN__DUPLICATE_METHOD_MATCH = YES;
				"CODE_SIGN_IDENTITY[sdk=iphoneos*]" = "iPhone Developer";
				COPY_PHASE_STRIP = YES;
				ENABLE_NS_ASSERTIONS = NO;
				ENABLE_STRICT_OBJC_MSGSEND = YES;
				"EXCLUDED_ARCHS[sdk=iphonesimulator*]" = "";
				GCC_C_LANGUAGE_STANDARD = gnu99;
				GCC_NO_COMMON_BLOCKS = YES;
				GCC_WARN_64_TO_32_BIT_CONVERSION = YES;
				GCC_WARN_ABOUT_RETURN_TYPE = YES_ERROR;
				GCC_WARN_UNDECLARED_SELECTOR = YES;
				GCC_WARN_UNINITIALIZED_AUTOS = YES_AGGRESSIVE;
				GCC_WARN_UNUSED_FUNCTION = YES;
				GCC_WARN_UNUSED_VARIABLE = YES;
				IPHONEOS_DEPLOYMENT_TARGET = 11.0;
				LD_RUNPATH_SEARCH_PATHS = (
					/usr/lib/swift,
					"$(inherited)",
				);
				LIBRARY_SEARCH_PATHS = (
					"\"$(SDKROOT)/usr/lib/swift\"",
					"\"$(TOOLCHAIN_DIR)/usr/lib/swift/$(PLATFORM_NAME)\"",
					"\"$(inherited)\"",
				);
				MTL_ENABLE_DEBUG_INFO = NO;
				OTHER_CPLUSPLUSFLAGS = (
					"$(OTHER_CFLAGS)",
					"-DFOLLY_NO_CONFIG",
					"-DFOLLY_MOBILE=1",
					"-DFOLLY_USE_LIBCPP=1",
				);
				SDKROOT = iphoneos;
				VALIDATE_PRODUCT = YES;
			};
			name = Release;
		};
/* End XCBuildConfiguration section */

/* Begin XCConfigurationList section */
		00E357021AD99517003FC87E /* Build configuration list for PBXNativeTarget "digitalClinicTests" */ = {
			isa = XCConfigurationList;
			buildConfigurations = (
				00E356F61AD99517003FC87E /* Debug */,
				00E356F71AD99517003FC87E /* Release */,
			);
			defaultConfigurationIsVisible = 0;
			defaultConfigurationName = Release;
		};
		13B07F931A680F5B00A75B9A /* Build configuration list for PBXNativeTarget "digitalClinic" */ = {
			isa = XCConfigurationList;
			buildConfigurations = (
				13B07F941A680F5B00A75B9A /* Debug */,
				13B07F951A680F5B00A75B9A /* Release */,
			);
			defaultConfigurationIsVisible = 0;
			defaultConfigurationName = Release;
		};
		83CBB9FA1A601CBA00E9B192 /* Build configuration list for PBXProject "digitalClinic" */ = {
			isa = XCConfigurationList;
			buildConfigurations = (
				83CBBA201A601CBA00E9B192 /* Debug */,
				83CBBA211A601CBA00E9B192 /* Release */,
			);
			defaultConfigurationIsVisible = 0;
			defaultConfigurationName = Release;
		};
/* End XCConfigurationList section */
	};
	rootObject = 83CBB9F71A601CBA00E9B192 /* Project object */;
}
